
Microsoft Visual Studio Solution File, Format Version 12.00
# Visual Studio Version 17
VisualStudioVersion = 17.0.31903.59
MinimumVisualStudioVersion = 10.0.40219.1
Project("{FAE04EC0-301F-11D3-BF4B-00C04F79EFBC}") = "SeleniumTest01", "SeleniumTest01\SeleniumTest01.csproj", "{B1F5F060-5C15-4DF3-8284-ED394C79671D}"
EndProject
Global
	GlobalSection(SolutionConfigurationPlatforms) = preSolution
		Debug|Any CPU = Debug|Any CPU
		Release|Any CPU = Release|Any CPU
	EndGlobalSection
	GlobalSection(ProjectConfigurationPlatforms) = postSolution
		{B1F5F060-5C15-4DF3-8284-ED394C79671D}.Debug|Any CPU.ActiveCfg = Debug|Any CPU
		{B1F5F060-5C15-4DF3-8284-ED394C79671D}.Debug|Any CPU.Build.0 = Debug|Any CPU
		{B1F5F060-5C15-4DF3-8284-ED394C79671D}.Release|Any CPU.ActiveCfg = Release|Any CPU
		{B1F5F060-5C15-4DF3-8284-ED394C79671D}.Release|Any CPU.Build.0 = Release|Any CPU
	EndGlobalSection
	GlobalSection(SolutionProperties) = preSolution
		HideSolutionNode = FALSE
	EndGlobalSection
	GlobalSection(ExtensibilityGlobals) = postSolution
		SolutionGuid = {BFD9733F-AB69-4656-9FE3-188C0D84CEE9}
	EndGlobalSection
EndGlobal
